github.com/damian3197/tugasgomodules v1.0.1 h1:X0uWY3Ds38wdPGAtOE415xYL/Gnzzuk9B/dUH8jp1Bs=
github.com/damian3197/tugasgomodules v1.0.1/go.mod h1:H+S7mwAJ1Ixq9+0GNYKR6kQ4z9MPfi219b6wx8N7SK8=
github.com/damian3197/tugasgomodules v1.0.2 h1:ps9QgiNoS0wd6P7o5W6PMFHudQKjiHcL6cXx7hLftyA=
github.com/damian3197/tugasgomodules v1.0.2/go.mod h1:H+S7mwAJ1Ixq9+0GNYKR6kQ4z9MPfi219b6wx8N7SK8=
github.com/damian3197/tugasgomodules v1.0.3 h1:HUWjRnuWahfMMjmzD0y2MFooVq/9O7KJLJ3zHvD9ZHY=
github.com/damian3197/tugasgomodules v1.0.3/go.mod h1:H+S7mwAJ1Ixq9+0GNYKR6kQ4z9MPfi219b6wx8N7SK8=
